<?xml version="1.0" encoding="utf-8"?>
<Project ToolsVersion="4.0" xmlns="http://schemas.microsoft.com/developer/msbuild/2003">
  <ItemGroup>
    <Filter Include="Quelldateien">
      <UniqueIdentifier>{4FC737F1-C7A5-4376-A066-2A32D752A2FF}</UniqueIdentifier>
      <Extensions>cpp;c;cc;cxx;def;odl;idl;hpj;bat;asm;asmx</Extensions>
    </Filter>
    <Filter Include="Headerdateien">
      <UniqueIdentifier>{93995380-89BD-4b04-88EB-625FBE52EBFB}</UniqueIdentifier>
      <Extensions>h;hh;hpp;hxx;hm;inl;inc;xsd</Extensions>
    </Filter>
    <Filter Include="Ressourcendateien">
      <UniqueIdentifier>{67DA6AB6-F800-4c08-8B7A-83BB121AAD01}</UniqueIdentifier>
      <Extensions>rc;ico;cur;bmp;dlg;rc2;rct;bin;rgs;gif;jpg;jpeg;jpe;resx;tiff;tif;png;wav;mfcribbon-ms</Extensions>
    </Filter>
    <Filter Include="Headerdateien\GL">
      <UniqueIdentifier>{72fdad57-3bb4-491c-92bf-620138d28590}</UniqueIdentifier>
    </Filter>
    <Filter Include="Quelldateien\GL">
      <UniqueIdentifier>{6434668d-24f9-41e0-b11d-8d91afd39dbb}</UniqueIdentifier>
    </Filter>
  </ItemGroup>
  <ItemGroup>
    <ClCompile Include="main.cpp">
      <Filter>Quelldateien</Filter>
    </ClCompile>
    <ClCompile Include="ApplicationWindow.cpp">
      <Filter>Quelldateien</Filter>
    </ClCompile>
    <ClCompile Include="MessageLoop.cpp">
      <Filter>Quelldateien</Filter>
    </ClCompile>
    <ClCompile Include="Window.cpp">
      <Filter>Quelldateien</Filter>
    </ClCompile>
    <ClCompile Include="ApplicationUI_Control_Mgr.cpp">
      <Filter>Quelldateien</Filter>
    </ClCompile>
    <ClCompile Include="standard_window.cpp">
      <Filter>Quelldateien</Filter>
    </ClCompile>
    <ClCompile Include="SysUtils_Load_Library.cpp">
      <Filter>Quelldateien</Filter>
    </ClCompile>
    <ClCompile Include="OpenGLContext.cpp">
      <Filter>Quelldateien\GL</Filter>
    </ClCompile>
    <ClCompile Include="file_dialog.cpp">
      <Filter>Quelldateien</Filter>
    </ClCompile>
    <ClCompile Include="Assimp_Mesh_Importer.cpp">
      <Filter>Quelldateien</Filter>
    </ClCompile>
    <ClCompile Include="Assimp_Utils.cpp">
      <Filter>Quelldateien</Filter>
    </ClCompile>
    <ClCompile Include="Matrix.cpp">
      <Filter>Quelldateien</Filter>
    </ClCompile>
    <ClCompile Include="Assimp_Material_Importer.cpp">
      <Filter>Quelldateien</Filter>
    </ClCompile>
    <ClCompile Include="ImageLoader.cpp">
      <Filter>Quelldateien</Filter>
    </ClCompile>
  </ItemGroup>
  <ItemGroup>
    <ClInclude Include="ApplicationWindow.h">
      <Filter>Headerdateien</Filter>
    </ClInclude>
    <ClInclude Include="MessageLoop.h">
      <Filter>Headerdateien</Filter>
    </ClInclude>
    <ClInclude Include="Window.h">
      <Filter>Headerdateien</Filter>
    </ClInclude>
    <ClInclude Include="WindowStructs.h">
      <Filter>Headerdateien</Filter>
    </ClInclude>
    <ClInclude Include="ApplicationUI_Control_Mgr.h">
      <Filter>Headerdateien</Filter>
    </ClInclude>
    <ClInclude Include="standard_window.h">
      <Filter>Headerdateien</Filter>
    </ClInclude>
    <ClInclude Include="GLMain.h">
      <Filter>Headerdateien\GL</Filter>
    </ClInclude>
    <ClInclude Include="OpenGLImport.h">
      <Filter>Headerdateien\GL</Filter>
    </ClInclude>
    <ClInclude Include="OpenGLContext.h">
      <Filter>Headerdateien\GL</Filter>
    </ClInclude>
    <ClInclude Include="SysUtils_Load_Library.h">
      <Filter>Headerdateien</Filter>
    </ClInclude>
    <ClInclude Include="ext\skia\GrGLFunctions.h">
      <Filter>Headerdateien\GL</Filter>
    </ClInclude>
    <ClInclude Include="file_dialog.h">
      <Filter>Headerdateien</Filter>
    </ClInclude>
    <ClInclude Include="OpenGL_Data_Types.h">
      <Filter>Headerdateien\GL</Filter>
    </ClInclude>
    <ClInclude Include="OpenGL_Utils.h">
      <Filter>Headerdateien\GL</Filter>
    </ClInclude>
    <ClInclude Include="Assimp_Mesh_Importer.h">
      <Filter>Headerdateien</Filter>
    </ClInclude>
    <ClInclude Include="resource.h">
      <Filter>Headerdateien</Filter>
    </ClInclude>
    <ClInclude Include="Resource_Loading.h">
      <Filter>Headerdateien</Filter>
    </ClInclude>
    <ClInclude Include="GLStructs.h">
      <Filter>Headerdateien\GL</Filter>
    </ClInclude>
    <ClInclude Include="Assimp_Utils.h">
      <Filter>Headerdateien</Filter>
    </ClInclude>
    <ClInclude Include="Assimp_Utils_m_convert_16.h">
      <Filter>Headerdateien</Filter>
    </ClInclude>
    <ClInclude Include="Matrix.h">
      <Filter>Headerdateien</Filter>
    </ClInclude>
    <ClInclude Include="Assimp_Material_Importer.h">
      <Filter>Headerdateien</Filter>
    </ClInclude>
    <ClInclude Include="ImageLoader.h">
      <Filter>Headerdateien</Filter>
    </ClInclude>
    <ClInclude Include="egl_display_binding.h">
      <Filter>Headerdateien\GL</Filter>
    </ClInclude>
  </ItemGroup>
  <ItemGroup>
    <ResourceCompile Include="resource_script.rc">
      <Filter>Ressourcendateien</Filter>
    </ResourceCompile>
  </ItemGroup>
</Project>